
Microsoft Visual Studio Solution File, Format Version 12.00
# Visual Studio Version 16
VisualStudioVersion = 16.0.29326.143
MinimumVisualStudioVersion = 10.0.40219.1
Project("{FAE04EC0-301F-11D3-BF4B-00C04F79EFBC}") = "Math_Operations_Step_66", "Math_Operations_Step_66\Math_Operations_Step_66.csproj", "{B64ED02B-841B-464B-B3B6-8C8D07A0091B}"
EndProject
Global
	GlobalSection(SolutionConfigurationPlatforms) = preSolution
		Debug|Any CPU = Debug|Any CPU
		Release|Any CPU = Release|Any CPU
	EndGlobalSection
	GlobalSection(ProjectConfigurationPlatforms) = postSolution
		{B64ED02B-841B-464B-B3B6-8C8D07A0091B}.Debug|Any CPU.ActiveCfg = Debug|Any CPU
		{B64ED02B-841B-464B-B3B6-8C8D07A0091B}.Debug|Any CPU.Build.0 = Debug|Any CPU
		{B64ED02B-841B-464B-B3B6-8C8D07A0091B}.Release|Any CPU.ActiveCfg = Release|Any CPU
		{B64ED02B-841B-464B-B3B6-8C8D07A0091B}.Release|Any CPU.Build.0 = Release|Any CPU
	EndGlobalSection
	GlobalSection(SolutionProperties) = preSolution
		HideSolutionNode = FALSE
	EndGlobalSection
	GlobalSection(ExtensibilityGlobals) = postSolution
		SolutionGuid = {7A0A61D2-F43A-48D4-986D-0A5617AA8F35}
	EndGlobalSection
EndGlobal
