
Microsoft Visual Studio Solution File, Format Version 12.00
# Visual Studio Version 16
VisualStudioVersion = 16.0.29326.143
MinimumVisualStudioVersion = 10.0.40219.1
Project("{FAE04EC0-301F-11D3-BF4B-00C04F79EFBC}") = "Arrays_And_Lists2_Example", "Arrays_And_Lists2_Example\Arrays_And_Lists2_Example.csproj", "{1319F8FD-DF7E-4272-979B-07227EBD9C37}"
EndProject
Global
	GlobalSection(SolutionConfigurationPlatforms) = preSolution
		Debug|Any CPU = Debug|Any CPU
		Release|Any CPU = Release|Any CPU
	EndGlobalSection
	GlobalSection(ProjectConfigurationPlatforms) = postSolution
		{1319F8FD-DF7E-4272-979B-07227EBD9C37}.Debug|Any CPU.ActiveCfg = Debug|Any CPU
		{1319F8FD-DF7E-4272-979B-07227EBD9C37}.Debug|Any CPU.Build.0 = Debug|Any CPU
		{1319F8FD-DF7E-4272-979B-07227EBD9C37}.Release|Any CPU.ActiveCfg = Release|Any CPU
		{1319F8FD-DF7E-4272-979B-07227EBD9C37}.Release|Any CPU.Build.0 = Release|Any CPU
	EndGlobalSection
	GlobalSection(SolutionProperties) = preSolution
		HideSolutionNode = FALSE
	EndGlobalSection
	GlobalSection(ExtensibilityGlobals) = postSolution
		SolutionGuid = {2769B255-45C9-4986-AB5F-697499C31DDF}
	EndGlobalSection
EndGlobal
