
Microsoft Visual Studio Solution File, Format Version 12.00
# Visual Studio Version 16
VisualStudioVersion = 16.0.29326.143
MinimumVisualStudioVersion = 10.0.40219.1
Project("{FAE04EC0-301F-11D3-BF4B-00C04F79EFBC}") = "Salary_Compare_Example", "Salary_Compare_Example\Salary_Compare_Example.csproj", "{95D437A4-C71A-468A-8E49-D59D919A4197}"
EndProject
Project("{9A19103F-16F7-4668-BE54-9A1E7A4F7556}") = "Math_Operations_Step_66", "..\Math_Operations_Step_66\Math_Operations_Step_66\Math_Operations_Step_66.csproj", "{01DB7D4B-6431-4C70-B6C8-6EA3B2765E60}"
EndProject
Global
	GlobalSection(SolutionConfigurationPlatforms) = preSolution
		Debug|Any CPU = Debug|Any CPU
		Release|Any CPU = Release|Any CPU
	EndGlobalSection
	GlobalSection(ProjectConfigurationPlatforms) = postSolution
		{95D437A4-C71A-468A-8E49-D59D919A4197}.Debug|Any CPU.ActiveCfg = Debug|Any CPU
		{95D437A4-C71A-468A-8E49-D59D919A4197}.Debug|Any CPU.Build.0 = Debug|Any CPU
		{95D437A4-C71A-468A-8E49-D59D919A4197}.Release|Any CPU.ActiveCfg = Release|Any CPU
		{95D437A4-C71A-468A-8E49-D59D919A4197}.Release|Any CPU.Build.0 = Release|Any CPU
		{01DB7D4B-6431-4C70-B6C8-6EA3B2765E60}.Debug|Any CPU.ActiveCfg = Debug|Any CPU
		{01DB7D4B-6431-4C70-B6C8-6EA3B2765E60}.Debug|Any CPU.Build.0 = Debug|Any CPU
		{01DB7D4B-6431-4C70-B6C8-6EA3B2765E60}.Release|Any CPU.ActiveCfg = Release|Any CPU
		{01DB7D4B-6431-4C70-B6C8-6EA3B2765E60}.Release|Any CPU.Build.0 = Release|Any CPU
	EndGlobalSection
	GlobalSection(SolutionProperties) = preSolution
		HideSolutionNode = FALSE
	EndGlobalSection
	GlobalSection(ExtensibilityGlobals) = postSolution
		SolutionGuid = {AA76A2C5-48F2-4726-9EB7-AD74F5B615B6}
	EndGlobalSection
EndGlobal
