
Microsoft Visual Studio Solution File, Format Version 12.00
# Visual Studio Version 16
VisualStudioVersion = 16.0.29326.143
MinimumVisualStudioVersion = 10.0.40219.1
Project("{FAE04EC0-301F-11D3-BF4B-00C04F79EFBC}") = "Lambda_Practice_1", "Lambda_Practice_1\Lambda_Practice_1.csproj", "{F373018A-0EA6-49D4-8298-5A57D2D5611F}"
EndProject
Global
	GlobalSection(SolutionConfigurationPlatforms) = preSolution
		Debug|Any CPU = Debug|Any CPU
		Release|Any CPU = Release|Any CPU
	EndGlobalSection
	GlobalSection(ProjectConfigurationPlatforms) = postSolution
		{F373018A-0EA6-49D4-8298-5A57D2D5611F}.Debug|Any CPU.ActiveCfg = Debug|Any CPU
		{F373018A-0EA6-49D4-8298-5A57D2D5611F}.Debug|Any CPU.Build.0 = Debug|Any CPU
		{F373018A-0EA6-49D4-8298-5A57D2D5611F}.Release|Any CPU.ActiveCfg = Release|Any CPU
		{F373018A-0EA6-49D4-8298-5A57D2D5611F}.Release|Any CPU.Build.0 = Release|Any CPU
	EndGlobalSection
	GlobalSection(SolutionProperties) = preSolution
		HideSolutionNode = FALSE
	EndGlobalSection
	GlobalSection(ExtensibilityGlobals) = postSolution
		SolutionGuid = {40094034-BF2E-41CA-8A71-A5D955C770EB}
	EndGlobalSection
EndGlobal
