
Microsoft Visual Studio Solution File, Format Version 12.00
# Visual Studio Version 16
VisualStudioVersion = 16.0.29326.143
MinimumVisualStudioVersion = 10.0.40219.1
Project("{FAE04EC0-301F-11D3-BF4B-00C04F79EFBC}") = "Boolean_Logic_Step_75", "Boolean_Logic_Step_75\Boolean_Logic_Step_75.csproj", "{FA655FF3-97E8-4697-B2E4-D3D37FE8805A}"
EndProject
Global
	GlobalSection(SolutionConfigurationPlatforms) = preSolution
		Debug|Any CPU = Debug|Any CPU
		Release|Any CPU = Release|Any CPU
	EndGlobalSection
	GlobalSection(ProjectConfigurationPlatforms) = postSolution
		{FA655FF3-97E8-4697-B2E4-D3D37FE8805A}.Debug|Any CPU.ActiveCfg = Debug|Any CPU
		{FA655FF3-97E8-4697-B2E4-D3D37FE8805A}.Debug|Any CPU.Build.0 = Debug|Any CPU
		{FA655FF3-97E8-4697-B2E4-D3D37FE8805A}.Release|Any CPU.ActiveCfg = Release|Any CPU
		{FA655FF3-97E8-4697-B2E4-D3D37FE8805A}.Release|Any CPU.Build.0 = Release|Any CPU
	EndGlobalSection
	GlobalSection(SolutionProperties) = preSolution
		HideSolutionNode = FALSE
	EndGlobalSection
	GlobalSection(ExtensibilityGlobals) = postSolution
		SolutionGuid = {416E7259-0507-4F0B-9BBC-B82D60DA4F20}
	EndGlobalSection
EndGlobal
