
Microsoft Visual Studio Solution File, Format Version 12.00
# Visual Studio Version 16
VisualStudioVersion = 16.0.29326.143
MinimumVisualStudioVersion = 10.0.40219.1
Project("{FAE04EC0-301F-11D3-BF4B-00C04F79EFBC}") = "Class_Methods_Practice_4", "Class_Methods_Practice_4\Class_Methods_Practice_4.csproj", "{64910511-08E4-46A1-8951-89C986CADCAB}"
EndProject
Global
	GlobalSection(SolutionConfigurationPlatforms) = preSolution
		Debug|Any CPU = Debug|Any CPU
		Release|Any CPU = Release|Any CPU
	EndGlobalSection
	GlobalSection(ProjectConfigurationPlatforms) = postSolution
		{64910511-08E4-46A1-8951-89C986CADCAB}.Debug|Any CPU.ActiveCfg = Debug|Any CPU
		{64910511-08E4-46A1-8951-89C986CADCAB}.Debug|Any CPU.Build.0 = Debug|Any CPU
		{64910511-08E4-46A1-8951-89C986CADCAB}.Release|Any CPU.ActiveCfg = Release|Any CPU
		{64910511-08E4-46A1-8951-89C986CADCAB}.Release|Any CPU.Build.0 = Release|Any CPU
	EndGlobalSection
	GlobalSection(SolutionProperties) = preSolution
		HideSolutionNode = FALSE
	EndGlobalSection
	GlobalSection(ExtensibilityGlobals) = postSolution
		SolutionGuid = {F55D333C-8BA5-4BE1-92E2-3B89185B1D84}
	EndGlobalSection
EndGlobal
