
Microsoft Visual Studio Solution File, Format Version 12.00
# Visual Studio Version 16
VisualStudioVersion = 16.0.29326.143
MinimumVisualStudioVersion = 10.0.40219.1
Project("{FAE04EC0-301F-11D3-BF4B-00C04F79EFBC}") = "Exception_Handling_Examples", "Exception_Handling_Examples\Exception_Handling_Examples.csproj", "{C3DF276D-92EF-4B7E-A5FE-4A30D76AEDC2}"
EndProject
Global
	GlobalSection(SolutionConfigurationPlatforms) = preSolution
		Debug|Any CPU = Debug|Any CPU
		Release|Any CPU = Release|Any CPU
	EndGlobalSection
	GlobalSection(ProjectConfigurationPlatforms) = postSolution
		{C3DF276D-92EF-4B7E-A5FE-4A30D76AEDC2}.Debug|Any CPU.ActiveCfg = Debug|Any CPU
		{C3DF276D-92EF-4B7E-A5FE-4A30D76AEDC2}.Debug|Any CPU.Build.0 = Debug|Any CPU
		{C3DF276D-92EF-4B7E-A5FE-4A30D76AEDC2}.Release|Any CPU.ActiveCfg = Release|Any CPU
		{C3DF276D-92EF-4B7E-A5FE-4A30D76AEDC2}.Release|Any CPU.Build.0 = Release|Any CPU
	EndGlobalSection
	GlobalSection(SolutionProperties) = preSolution
		HideSolutionNode = FALSE
	EndGlobalSection
	GlobalSection(ExtensibilityGlobals) = postSolution
		SolutionGuid = {41920508-1C9D-4FEB-AFD4-42A49F68BBE1}
	EndGlobalSection
EndGlobal
