
Microsoft Visual Studio Solution File, Format Version 12.00
# Visual Studio Version 16
VisualStudioVersion = 16.0.29326.143
MinimumVisualStudioVersion = 10.0.40219.1
Project("{FAE04EC0-301F-11D3-BF4B-00C04F79EFBC}") = "Iteration", "Iteration\Iteration.csproj", "{700BBC0B-E8F7-4BE4-8C54-ABF5B4D07F5A}"
EndProject
Global
	GlobalSection(SolutionConfigurationPlatforms) = preSolution
		Debug|Any CPU = Debug|Any CPU
		Release|Any CPU = Release|Any CPU
	EndGlobalSection
	GlobalSection(ProjectConfigurationPlatforms) = postSolution
		{700BBC0B-E8F7-4BE4-8C54-ABF5B4D07F5A}.Debug|Any CPU.ActiveCfg = Debug|Any CPU
		{700BBC0B-E8F7-4BE4-8C54-ABF5B4D07F5A}.Debug|Any CPU.Build.0 = Debug|Any CPU
		{700BBC0B-E8F7-4BE4-8C54-ABF5B4D07F5A}.Release|Any CPU.ActiveCfg = Release|Any CPU
		{700BBC0B-E8F7-4BE4-8C54-ABF5B4D07F5A}.Release|Any CPU.Build.0 = Release|Any CPU
	EndGlobalSection
	GlobalSection(SolutionProperties) = preSolution
		HideSolutionNode = FALSE
	EndGlobalSection
	GlobalSection(ExtensibilityGlobals) = postSolution
		SolutionGuid = {996F35E0-E3F5-419E-A8CF-04FC932C3BB9}
	EndGlobalSection
EndGlobal
